
Microsoft Visual Studio Solution File, Format Version 12.00
# Visual Studio Version 17
VisualStudioVersion = 17.11.35219.272
MinimumVisualStudioVersion = 10.0.40219.1
Project("{FAE04EC0-301F-11D3-BF4B-00C04F79EFBC}") = "TwTodoLis", "TwTodoLis.csproj", "{A500DA75-9608-424F-A506-DE5F8DEF7F2F}"
EndProject
Global
	GlobalSection(SolutionConfigurationPlatforms) = preSolution
		Debug|Any CPU = Debug|Any CPU
		Release|Any CPU = Release|Any CPU
	EndGlobalSection
	GlobalSection(ProjectConfigurationPlatforms) = postSolution
		{A500DA75-9608-424F-A506-DE5F8DEF7F2F}.Debug|Any CPU.ActiveCfg = Debug|Any CPU
		{A500DA75-9608-424F-A506-DE5F8DEF7F2F}.Debug|Any CPU.Build.0 = Debug|Any CPU
		{A500DA75-9608-424F-A506-DE5F8DEF7F2F}.Release|Any CPU.ActiveCfg = Release|Any CPU
		{A500DA75-9608-424F-A506-DE5F8DEF7F2F}.Release|Any CPU.Build.0 = Release|Any CPU
	EndGlobalSection
	GlobalSection(SolutionProperties) = preSolution
		HideSolutionNode = FALSE
	EndGlobalSection
	GlobalSection(ExtensibilityGlobals) = postSolution
		SolutionGuid = {A4A9C516-A829-4EB8-9EBE-8BE0EB591BF6}
	EndGlobalSection
EndGlobal
